
Microsoft Visual Studio Solution File, Format Version 10.00
# Visual C++ Express 2008
Project("{8BC9CEB8-8B4A-11D0-8D11-00A0C91BC942}") = "dater", "dater2008.vcproj", "{2981A977-0A67-41C4-BB59-37E4694C918B}"
EndProject
Global
	GlobalSection(SolutionConfigurationPlatforms) = preSolution
		Debug|Win32 = Debug|Win32
		Release|Win32 = Release|Win32
	EndGlobalSection
	GlobalSection(ProjectConfigurationPlatforms) = postSolution
		{2981A977-0A67-41C4-BB59-37E4694C918B}.Debug|Win32.ActiveCfg = Release|Win32
		{2981A977-0A67-41C4-BB59-37E4694C918B}.Debug|Win32.Build.0 = Release|Win32
		{2981A977-0A67-41C4-BB59-37E4694C918B}.Release|Win32.ActiveCfg = Release|Win32
		{2981A977-0A67-41C4-BB59-37E4694C918B}.Release|Win32.Build.0 = Release|Win32
	EndGlobalSection
	GlobalSection(SolutionProperties) = preSolution
		HideSolutionNode = FALSE
	EndGlobalSection
EndGlobal
